
Microsoft Visual Studio Solution File, Format Version 12.00
# Visual Studio 14
VisualStudioVersion = 14.0.25420.1
MinimumVisualStudioVersion = 10.0.40219.1
Project("{FAE04EC0-301F-11D3-BF4B-00C04F79EFBC}") = "ReadFromXml", "ReadFromXml\ReadFromXml.csproj", "{35E03E50-C775-4558-9628-017CBFF2BEAF}"
EndProject
Project("{FAE04EC0-301F-11D3-BF4B-00C04F79EFBC}") = "ReadFromXmlTest", "ReadFromXmlTest\ReadFromXmlTest.csproj", "{476172A1-AC6F-4BCD-96D4-9147CF20A543}"
EndProject
Global
	GlobalSection(SolutionConfigurationPlatforms) = preSolution
		Debug|Any CPU = Debug|Any CPU
		Release|Any CPU = Release|Any CPU
	EndGlobalSection
	GlobalSection(ProjectConfigurationPlatforms) = postSolution
		{35E03E50-C775-4558-9628-017CBFF2BEAF}.Debug|Any CPU.ActiveCfg = Debug|Any CPU
		{35E03E50-C775-4558-9628-017CBFF2BEAF}.Debug|Any CPU.Build.0 = Debug|Any CPU
		{35E03E50-C775-4558-9628-017CBFF2BEAF}.Release|Any CPU.ActiveCfg = Release|Any CPU
		{35E03E50-C775-4558-9628-017CBFF2BEAF}.Release|Any CPU.Build.0 = Release|Any CPU
		{476172A1-AC6F-4BCD-96D4-9147CF20A543}.Debug|Any CPU.ActiveCfg = Debug|Any CPU
		{476172A1-AC6F-4BCD-96D4-9147CF20A543}.Debug|Any CPU.Build.0 = Debug|Any CPU
		{476172A1-AC6F-4BCD-96D4-9147CF20A543}.Release|Any CPU.ActiveCfg = Release|Any CPU
		{476172A1-AC6F-4BCD-96D4-9147CF20A543}.Release|Any CPU.Build.0 = Release|Any CPU
	EndGlobalSection
	GlobalSection(SolutionProperties) = preSolution
		HideSolutionNode = FALSE
	EndGlobalSection
EndGlobal
